
Microsoft Visual Studio Solution File, Format Version 12.00
# Visual Studio Version 16
VisualStudioVersion = 16.0.29418.71
MinimumVisualStudioVersion = 10.0.40219.1
Project("{FAE04EC0-301F-11D3-BF4B-00C04F79EFBC}") = "Welcome1", "Welcome1\Welcome1.csproj", "{1FBE4CAF-A1C8-4A76-BC38-72A52A2F3545}"
EndProject
Global
	GlobalSection(SolutionConfigurationPlatforms) = preSolution
		Debug|Any CPU = Debug|Any CPU
		Release|Any CPU = Release|Any CPU
	EndGlobalSection
	GlobalSection(ProjectConfigurationPlatforms) = postSolution
		{1FBE4CAF-A1C8-4A76-BC38-72A52A2F3545}.Debug|Any CPU.ActiveCfg = Debug|Any CPU
		{1FBE4CAF-A1C8-4A76-BC38-72A52A2F3545}.Debug|Any CPU.Build.0 = Debug|Any CPU
		{1FBE4CAF-A1C8-4A76-BC38-72A52A2F3545}.Release|Any CPU.ActiveCfg = Release|Any CPU
		{1FBE4CAF-A1C8-4A76-BC38-72A52A2F3545}.Release|Any CPU.Build.0 = Release|Any CPU
	EndGlobalSection
	GlobalSection(SolutionProperties) = preSolution
		HideSolutionNode = FALSE
	EndGlobalSection
	GlobalSection(ExtensibilityGlobals) = postSolution
		SolutionGuid = {922755C0-7A7A-4877-8F99-33F271E66A56}
	EndGlobalSection
EndGlobal
